github.com/chromedp/cdproto v0.0.0-20210122124816-7a656c010d57/go.mod h1:55pim6Ht4LJKdVLlyFJV/g++HsEA1hQxPbB5JyNdZC0=
github.com/chromedp/cdproto v0.0.0-20210211211551-bf465a41a1f9 h1:UgQoDQCE6AAsthd+09vCUgR+ysDzkqGlG4SRLIfSrA8=
github.com/chromedp/cdproto v0.0.0-20210211211551-bf465a41a1f9/go.mod h1:55pim6Ht4LJKdVLlyFJV/g++HsEA1hQxPbB5JyNdZC0=
github.com/chromedp/chromedp v0.6.5 h1:hPaDYBpvD2WFicln0ByzV+XRhSOtLgAgsu39O455iWY=
github.com/chromedp/chromedp v0.6.5/go.mod h1:/Q6h52DkrFuvOgmCuR6O3xT5g0bZYoPqjANKBEvQGEY=
github.com/chromedp/sysutil v1.0.0 h1:+ZxhTpfpZlmchB58ih/LBHX52ky7w2VhQVKQMucy3Ic=
github.com/chromedp/sysutil v1.0.0/go.mod h1:kgWmDdq8fTzXYcKIBqIYvRRTnYb9aNS9moAV0xufSww=
github.com/davecgh/go-spew v1.1.1/go.mod h1:J7Y8YcW2NihsgmVo/mv3lAwl/skON4iLHjSsI+c5H38=
github.com/gobwas/httphead v0.1.0 h1:exrUm0f4YX0L7EBwZHuCF4GDp8aJfVeBrlLQrs6NqWU=
github.com/gobwas/httphead v0.1.0/go.mod h1:O/RXo79gxV8G+RqlR/otEwx4Q36zl9rqC5u12GKvMCM=
github.com/gobwas/pool v0.2.1 h1:xfeeEhW7pwmX8nuLVlqbzVc7udMDrwetjEv+TZIz1og=
github.com/gobwas/pool v0.2.1/go.mod h1:q8bcK0KcYlCgd9e7WYLm9LpyS+YeLd8JVDW6WezmKEw=
github.com/gobwas/ws v1.0.4 h1:5eXU1CZhpQdq5kXbKb+sECH5Ia5KiO6CYzIzdlVx6Bs=
github.com/gobwas/ws v1.0.4/go.mod h1:szmBTxLgaFppYjEmNtny/v3w89xOydFnnZMcgRRu/EM=
github.com/josharian/intern v1.0.0 h1:vlS4z54oSdjm0bgjRigI+G1HpF+tI+9rE5LLzOg8HmY=
github.com/josharian/intern v1.0.0/go.mod h1:5DoeVV0s6jJacbCEi61lwdGj/aVlrQvzHFFd8Hwg//Y=
github.com/magefile/mage v1.10.0/go.mod h1:z5UZb/iS3GoOSn0JgWuiw7dxlurVYTu+/jHXqQg881A=
github.com/magefile/mage v1.11.0 h1:C/55Ywp9BpgVVclD3lRnSYCwXTYxmSppIgLeDYlNuls=
github.com/magefile/mage v1.11.0/go.mod h1:z5UZb/iS3GoOSn0JgWuiw7dxlurVYTu+/jHXqQg881A=
github.com/mailru/easyjson v0.7.6/go.mod h1:xzfreul335JAWq5oZzymOObrkdz5UnU4kGfJJLY9Nlc=
github.com/mailru/easyjson v0.7.7 h1:UGYAvKxe3sBsEDzO8ZeWOSlIQfWFlxbzLZe7hwFURr0=
github.com/mailru/easyjson v0.7.7/go.mod h1:xzfreul335JAWq5oZzymOObrkdz5UnU4kGfJJLY9Nlc=
github.com/mitranim/gow v0.0.0-20201224082700-d60314a242a5 h1:OzlPrySlXKRHFQVWN6aVZKo9S0uafjGKGsSeTG1GYdI=
github.com/mitranim/gow v0.0.0-20201224082700-d60314a242a5/go.mod h1:Du3tFX2ohe7OugtDEVvBFqFpbAoHZTxv9I/+R7WO9vs=
github.com/pmezard/go-difflib v1.0.0/go.mod h1:iKH77koFhYxTK1pcRnkKkqfTogsbg7gZNVY4sRDYZ/4=
github.com/rjeczalik/notify v0.9.2 h1:MiTWrPj55mNDHEiIX5YUSKefw/+lCQVoAFmD6oQm5w8=
github.com/rjeczalik/notify v0.9.2/go.mod h1:aErll2f0sUX9PXZnVNyeiObbmTlk5jnMoCa4QEjJeqM=
github.com/sirupsen/logrus v1.8.0 h1:nfhvjKcUMhBMVqbKHJlk5RPrrfYr/NMo3692g0dwfWU=
github.com/sirupsen/logrus v1.8.0/go.mod h1:4GuYW9TZmE769R5STWrRakJc4UqQ3+QQ95fyz7ENv1A=
github.com/stretchr/testify v1.2.2/go.mod h1:a8OnRcib4nhh0OaRAV+Yts87kKdq0PP7pXfy6kDkUVs=
golang.org/x/sys v0.0.0-20180926160741-c2ed4eda69e7/go.mod h1:STP8DvDyc/dI5b8T5hshtkjS+E42TnysNCUPdjciGhY=
golang.org/x/sys v0.0.0-20191026070338-33540a1f6037/go.mod h1:h1NjWce9XRLGQEsW7wpKNCjG9DtNlClVuFLEZdDNbEs=
golang.org/x/sys v0.0.0-20200217220822-9197077df867/go.mod h1:h1NjWce9XRLGQEsW7wpKNCjG9DtNlClVuFLEZdDNbEs=
golang.org/x/sys v0.0.0-20210122093101-04d7465088b8/go.mod h1:h1NjWce9XRLGQEsW7wpKNCjG9DtNlClVuFLEZdDNbEs=
golang.org/x/sys v0.0.0-20210217105451-b926d437f341 h1:2/QtM1mL37YmcsT8HaDNHDgTqqFVw+zr8UzMiBVLzYU=
golang.org/x/sys v0.0.0-20210217105451-b926d437f341/go.mod h1:h1NjWce9XRLGQEsW7wpKNCjG9DtNlClVuFLEZdDNbEs=
golang.org/x/sys v0.0.0-20210219172841-57ea560cfca1 h1:mDSj8NPponP6fRpRDblAGl5bpSHjPulHtk5lGl0gLSY=
golang.org/x/sys v0.0.0-20210219172841-57ea560cfca1/go.mod h1:h1NjWce9XRLGQEsW7wpKNCjG9DtNlClVuFLEZdDNbEs=
