github.com/mitranim/gow v0.0.0-20201224082700-d60314a242a5 h1:OzlPrySlXKRHFQVWN6aVZKo9S0uafjGKGsSeTG1GYdI=
github.com/mitranim/gow v0.0.0-20201224082700-d60314a242a5/go.mod h1:Du3tFX2ohe7OugtDEVvBFqFpbAoHZTxv9I/+R7WO9vs=
github.com/rjeczalik/notify v0.9.2 h1:MiTWrPj55mNDHEiIX5YUSKefw/+lCQVoAFmD6oQm5w8=
github.com/rjeczalik/notify v0.9.2/go.mod h1:aErll2f0sUX9PXZnVNyeiObbmTlk5jnMoCa4QEjJeqM=
golang.org/x/sys v0.0.0-20180926160741-c2ed4eda69e7/go.mod h1:STP8DvDyc/dI5b8T5hshtkjS+E42TnysNCUPdjciGhY=
golang.org/x/sys v0.0.0-20200217220822-9197077df867/go.mod h1:h1NjWce9XRLGQEsW7wpKNCjG9DtNlClVuFLEZdDNbEs=
golang.org/x/sys v0.0.0-20210217105451-b926d437f341 h1:2/QtM1mL37YmcsT8HaDNHDgTqqFVw+zr8UzMiBVLzYU=
golang.org/x/sys v0.0.0-20210217105451-b926d437f341/go.mod h1:h1NjWce9XRLGQEsW7wpKNCjG9DtNlClVuFLEZdDNbEs=
